
Microsoft Visual Studio Solution File, Format Version 12.00
# Visual Studio Version 17
VisualStudioVersion = 17.7.34031.279
MinimumVisualStudioVersion = 10.0.40219.1
Project("{FAE04EC0-301F-11D3-BF4B-00C04F79EFBC}") = "TrabalhoAlocacaoDeDiscoFat", "TrabalhoAlocacaoDeDiscoFat\TrabalhoAlocacaoDeDiscoFat.csproj", "{90C547AF-45A3-4786-B440-D9BAD0E76E72}"
EndProject
Global
	GlobalSection(SolutionConfigurationPlatforms) = preSolution
		Debug|Any CPU = Debug|Any CPU
		Release|Any CPU = Release|Any CPU
	EndGlobalSection
	GlobalSection(ProjectConfigurationPlatforms) = postSolution
		{90C547AF-45A3-4786-B440-D9BAD0E76E72}.Debug|Any CPU.ActiveCfg = Debug|Any CPU
		{90C547AF-45A3-4786-B440-D9BAD0E76E72}.Debug|Any CPU.Build.0 = Debug|Any CPU
		{90C547AF-45A3-4786-B440-D9BAD0E76E72}.Release|Any CPU.ActiveCfg = Release|Any CPU
		{90C547AF-45A3-4786-B440-D9BAD0E76E72}.Release|Any CPU.Build.0 = Release|Any CPU
	EndGlobalSection
	GlobalSection(SolutionProperties) = preSolution
		HideSolutionNode = FALSE
	EndGlobalSection
	GlobalSection(ExtensibilityGlobals) = postSolution
		SolutionGuid = {4AA7519E-1033-41DC-9886-948BCF1C1A25}
	EndGlobalSection
EndGlobal
